# Pinned TEST-ONLY dependencies for CI (pytest + plugins + the httpx test client and their
# closure), complementing server/requirements.lock (runtime). Never installed into the image.
#
# Install both:  pip install -r server/requirements.lock -r server/requirements-dev.lock
# Regenerate after bumping: pip freeze in server/.venv, keep only the packages below.
certifi==2026.6.17
httpcore==1.0.9
httpx==0.28.1
iniconfig==2.3.0
packaging==26.2
pluggy==1.6.0
Pygments==2.20.0
pytest==9.1.1
pytest-asyncio==1.4.0
